{
  "version": 4,
  "terraform_version": "0.13.5",
  "serial": 3308,
  "lineage": "066e7723-2eee-962e-9baa-1b520173b6be",
  "outputs": {},
  "resources": [
    {
      "mode": "data",
      "type": "aws_ami",
      "name": "web",
      "provider": "provider[\"registry.terraform.io/hashicorp/aws\"]",
      "instances": [
        {
          "schema_version": 0,
          "attributes": {
            "architecture": "x86_64",
            "arn": "arn:aws:ec2:us-east-1::image/ami-0947d2ba12ee1ff75",
            "block_device_mappings": [
              {
                "device_name": "/dev/xvda",
                "ebs": {
                  "delete_on_termination": "true",
                  "encrypted": "false",
                  "iops": "0",
                  "snapshot_id": "snap-0299d083f0ce6cd12",
                  "volume_size": "8",
                  "volume_type": "gp2"
                },
                "no_device": "",
                "virtual_name": ""
              }
            ],
            "creation_date": "2020-09-22T02:10:06.000Z",
            "description": "Amazon Linux 2 AMI 2.0.20200917.0 x86_64 HVM gp2",
            "executable_users": null,
            "filter": [
              {
                "name": "name",
                "values": [
                  "amzn2-ami-hvm-2.0.20200917.0-x86_64-gp2*"
                ]
              },
              {
                "name": "virtualization-type",
                "values": [
                  "hvm"
                ]
              }
            ],
            "hypervisor": "xen",
            "id": "ami-0947d2ba12ee1ff75",
            "image_id": "ami-0947d2ba12ee1ff75",
            "image_location": "amazon/amzn2-ami-hvm-2.0.20200917.0-x86_64-gp2",
            "image_owner_alias": "amazon",
            "image_type": "machine",
            "kernel_id": null,
            "most_recent": true,
            "name": "amzn2-ami-hvm-2.0.20200917.0-x86_64-gp2",
            "name_regex": null,
            "owner_id": "137112412989",
            "owners": [
              "amazon"
            ],
            "platform": null,
            "product_codes": [],
            "public": true,
            "ramdisk_id": null,
            "root_device_name": "/dev/xvda",
            "root_device_type": "ebs",
            "root_snapshot_id": "snap-0299d083f0ce6cd12",
            "sriov_net_support": "simple",
            "state": "available",
            "state_reason": {
              "code": "UNSET",
              "message": "UNSET"
            },
            "tags": {},
            "virtualization_type": "hvm"
          }
        }
      ]
    },
    {
      "mode": "data",
      "type": "template_file",
      "name": "task_definition_template",
      "provider": "provider[\"registry.terraform.io/hashicorp/template\"]",
      "instances": [
        {
          "schema_version": 0,
          "attributes": {
            "filename": null,
            "id": "0c28ef5b590b2bc66c88d880ea6b6b635e8639f3cab9289bd08c2516e353130b",
            "rendered": "[\r\n  {\r\n      \"name\": \"Tasks_Docker_Test\",\r\n      \"image\": \"dockertest:latest\",\r\n      \"essential\": true,\r\n      \"portMappings\": [\r\n        {\r\n          \"containerPort\": 3000,\r\n          \"hostPort\": 3000\r\n        }\r\n      ],\r\n      \"memory\": 512,\r\n      \"cpu\": 256\r\n    }\r\n]",
            "template": "[\r\n  {\r\n      \"name\": \"Tasks_Docker_Test\",\r\n      \"image\": \"${REPOSITORY_URL}:latest\",\r\n      \"essential\": true,\r\n      \"portMappings\": [\r\n        {\r\n          \"containerPort\": 3000,\r\n          \"hostPort\": 3000\r\n        }\r\n      ],\r\n      \"memory\": 512,\r\n      \"cpu\": 256\r\n    }\r\n]",
            "vars": {
              "REPOSITORY_URL": "dockertest"
            }
          }
        }
      ]
    },
    {
      "mode": "managed",
      "type": "aws_autoscaling_group",
      "name": "Instances_Pool_Web",
      "provider": "provider[\"registry.terraform.io/hashicorp/aws\"]",
      "instances": [
        {
          "schema_version": 0,
          "attributes": {
            "arn": "arn:aws:autoscaling:us-east-1:973516012599:autoScalingGroup:4e0bbea7-1c1b-4f02-ae66-e22902b6b6ef:autoScalingGroupName/Test_Joneshys_Instances_Pool_Web_",
            "availability_zones": [
              "us-east-1a",
              "us-east-1b"
            ],
            "default_cooldown": 300,
            "desired_capacity": 1,
            "enabled_metrics": null,
            "force_delete": false,
            "health_check_grace_period": 300,
            "health_check_type": "EC2",
            "id": "Test_Joneshys_Instances_Pool_Web_",
            "initial_lifecycle_hook": [],
            "launch_configuration": "Test_Joneshys_LC_Web_",
            "launch_template": [],
            "load_balancers": null,
            "max_instance_lifetime": 0,
            "max_size": 2,
            "metrics_granularity": "1Minute",
            "min_elb_capacity": null,
            "min_size": 0,
            "mixed_instances_policy": [],
            "name": "Test_Joneshys_Instances_Pool_Web_",
            "name_prefix": null,
            "placement_group": "",
            "protect_from_scale_in": false,
            "service_linked_role_arn": "arn:aws:iam::973516012599:role/aws-service-role/autoscaling.amazonaws.com/AWSServiceRoleForAutoScaling",
            "suspended_processes": null,
            "tag": [
              {
                "key": "Name",
                "propagate_at_launch": true,
                "value": "Test_Joneshys_Instances_Pool_Web"
              }
            ],
            "tags": null,
            "target_group_arns": [
              "arn:aws:elasticloadbalancing:us-east-1:973516012599:targetgroup/lb-target-group-docker/7b03e8b459667bb7",
              "arn:aws:elasticloadbalancing:us-east-1:973516012599:targetgroup/lb-target-group/086de49b728bd639"
            ],
            "termination_policies": null,
            "timeouts": null,
            "vpc_zone_identifier": [
              "subnet-07e0cfe18da135c31",
              "subnet-0fb8a829b6f34ce38"
            ],
            "wait_for_capacity_timeout": "10m",
            "wait_for_elb_capacity": null
          },
          "private": "eyJlMmJmYjczMC1lY2FhLTExZTYtOGY4OC0zNDM2M2JjN2M0YzAiOnsiZGVsZXRlIjo2MDAwMDAwMDAwMDB9fQ==",
          "dependencies": [
            "aws_launch_configuration.Instances_Pool_Web",
            "aws_lb_target_group.lb_target_group",
            "aws_lb_target_group.lb_target_group_docker",
            "aws_security_group.Elastic_Load_balances_Test",
            "aws_security_group.HTTP_Anyware",
            "aws_security_group.SSH_Anyware",
            "aws_subnet.VPCPrivateSubnetACidrBlock",
            "aws_subnet.VPCPrivateSubnetBCidrBlock",
            "aws_vpc.VPC_Test"
          ]
        }
      ]
    },
    {
      "mode": "managed",
      "type": "aws_db_instance",
      "name": "db_instance",
      "provider": "provider[\"registry.terraform.io/hashicorp/aws\"]",
      "instances": [
        {
          "schema_version": 1,
          "attributes": {
            "address": "test.co4veh5yk9ly.us-east-1.rds.amazonaws.com",
            "allocated_storage": 20,
            "allow_major_version_upgrade": null,
            "apply_immediately": null,
            "arn": "arn:aws:rds:us-east-1:973516012599:db:test",
            "auto_minor_version_upgrade": true,
            "availability_zone": "us-east-1b",
            "backup_retention_period": 0,
            "backup_window": "09:26-09:56",
            "ca_cert_identifier": "rds-ca-2019",
            "character_set_name": null,
            "copy_tags_to_snapshot": false,
            "db_subnet_group_name": "terraform-20201213164515340300000001",
            "delete_automated_backups": true,
            "deletion_protection": false,
            "domain": "",
            "domain_iam_role_name": "",
            "enabled_cloudwatch_logs_exports": null,
            "endpoint": "test.co4veh5yk9ly.us-east-1.rds.amazonaws.com:58963",
            "engine": "mysql",
            "engine_version": "8.0.20",
            "final_snapshot_identifier": "test-20201213164507",
            "hosted_zone_id": "Z2R2ITUGPM61AM",
            "iam_database_authentication_enabled": true,
            "id": "test",
            "identifier": "test",
            "identifier_prefix": null,
            "instance_class": "db.t2.small",
            "iops": 0,
            "kms_key_id": "",
            "latest_restorable_time": "0001-01-01T00:00:00Z",
            "license_model": "general-public-license",
            "maintenance_window": "sun:08:09-sun:08:39",
            "max_allocated_storage": 0,
            "monitoring_interval": 0,
            "monitoring_role_arn": "",
            "multi_az": false,
            "name": "test",
            "option_group_name": "default:mysql-8-0",
            "parameter_group_name": "default.mysql8.0",
            "password": "Neruda87",
            "performance_insights_enabled": false,
            "performance_insights_kms_key_id": "",
            "performance_insights_retention_period": 0,
            "port": 58963,
            "publicly_accessible": false,
            "replicas": [],
            "replicate_source_db": "",
            "resource_id": "db-FRYUHVFGJH2TVYGCFVKKH5SK7E",
            "restore_to_point_in_time": [],
            "s3_import": [],
            "security_group_names": null,
            "skip_final_snapshot": true,
            "snapshot_identifier": null,
            "status": "available",
            "storage_encrypted": false,
            "storage_type": "gp2",
            "tags": {
              "environment": "testing"
            },
            "timeouts": null,
            "timezone": "",
            "username": "joneshys",
            "vpc_security_group_ids": [
              "sg-007ed4170675c6a74"
            ]
          },
          "private": "eyJlMmJmYjczMC1lY2FhLTExZTYtOGY4OC0zNDM2M2JjN2M0YzAiOnsiY3JlYXRlIjoyNDAwMDAwMDAwMDAwLCJkZWxldGUiOjM2MDAwMDAwMDAwMDAsInVwZGF0ZSI6NDgwMDAwMDAwMDAwMH0sInNjaGVtYV92ZXJzaW9uIjoiMSJ9",
          "dependencies": [
            "aws_db_subnet_group.subnet-rds-private-instances",
            "aws_security_group.SG_RDS",
            "aws_security_group.SSH_Anyware",
            "aws_subnet.VPCPrivateSubnetACidrBlock",
            "aws_subnet.VPCPrivateSubnetBCidrBlock",
            "aws_vpc.VPC_Test"
          ]
        }
      ]
    },
    {
      "mode": "managed",
      "type": "aws_db_subnet_group",
      "name": "subnet-rds-private-instances",
      "provider": "provider[\"registry.terraform.io/hashicorp/aws\"]",
      "instances": [
        {
          "schema_version": 0,
          "attributes": {
            "arn": "arn:aws:rds:us-east-1:973516012599:subgrp:terraform-20201213164515340300000001",
            "description": "Managed by Terraform",
            "id": "terraform-20201213164515340300000001",
            "name": "terraform-20201213164515340300000001",
            "name_prefix": null,
            "subnet_ids": [
              "subnet-07e0cfe18da135c31",
              "subnet-0fb8a829b6f34ce38"
            ],
            "tags": null
          },
          "private": "bnVsbA==",
          "dependencies": [
            "aws_subnet.VPCPrivateSubnetACidrBlock",
            "aws_subnet.VPCPrivateSubnetBCidrBlock",
            "aws_vpc.VPC_Test"
          ]
        }
      ]
    },
    {
      "mode": "managed",
      "type": "aws_ecr_repository",
      "name": "dockerTest",
      "provider": "provider[\"registry.terraform.io/hashicorp/aws\"]",
      "instances": [
        {
          "schema_version": 0,
          "attributes": {
            "arn": "arn:aws:ecr:us-east-1:973516012599:repository/dockertest",
            "encryption_configuration": [
              {
                "encryption_type": "AES256",
                "kms_key": ""
              }
            ],
            "id": "dockertest",
            "image_scanning_configuration": [
              {
                "scan_on_push": true
              }
            ],
            "image_tag_mutability": "MUTABLE",
            "name": "dockertest",
            "registry_id": "973516012599",
            "repository_url": "973516012599.dkr.ecr.us-east-1.amazonaws.com/dockertest",
            "tags": null,
            "timeouts": null
          },
          "private": "eyJlMmJmYjczMC1lY2FhLTExZTYtOGY4OC0zNDM2M2JjN2M0YzAiOnsiZGVsZXRlIjoxMjAwMDAwMDAwMDAwfX0="
        }
      ]
    },
    {
      "mode": "managed",
      "type": "aws_iam_policy",
      "name": "Policy_RDS_DB_Connect",
      "provider": "provider[\"registry.terraform.io/hashicorp/aws\"]",
      "instances": [
        {
          "schema_version": 0,
          "attributes": {
            "arn": "arn:aws:iam::973516012599:policy/Policy_RDS_DB_Connect",
            "description": "",
            "id": "arn:aws:iam::973516012599:policy/Policy_RDS_DB_Connect",
            "name": "Policy_RDS_DB_Connect",
            "name_prefix": null,
            "path": "/",
            "policy": "{\r\n    \"Version\": \"2012-10-17\",\r\n    \"Statement\": [\r\n        {\r\n            \"Effect\": \"Allow\",\r\n            \"Action\": [\r\n                \"rds-db:connect\"\r\n            ],\r\n            \"Resource\": [\r\n                \"arn:aws:rds:us-east-1:973516012599:db:test/jbenitez\"\r\n            ]\r\n        }\r\n    ]\r\n}\r\n"
          },
          "private": "bnVsbA==",
          "dependencies": [
            "aws_db_instance.db_instance",
            "aws_db_subnet_group.subnet-rds-private-instances",
            "aws_security_group.SG_RDS",
            "aws_security_group.SSH_Anyware",
            "aws_subnet.VPCPrivateSubnetACidrBlock",
            "aws_subnet.VPCPrivateSubnetBCidrBlock",
            "aws_vpc.VPC_Test"
          ]
        }
      ]
    },
    {
      "mode": "managed",
      "type": "aws_iam_role",
      "name": "Role_RDS_DB_Connect",
      "provider": "provider[\"registry.terraform.io/hashicorp/aws\"]",
      "instances": [
        {
          "schema_version": 0,
          "attributes": {
            "arn": "arn:aws:iam::973516012599:role/Role_RDS_DB_Connect",
            "assume_role_policy": "{\"Version\":\"2012-10-17\",\"Statement\":[{\"Sid\":\"\",\"Effect\":\"Allow\",\"Principal\":{\"Service\":\"rds.amazonaws.com\"},\"Action\":\"sts:AssumeRole\"}]}",
            "create_date": "2020-12-13T16:45:09Z",
            "description": "",
            "force_detach_policies": false,
            "id": "Role_RDS_DB_Connect",
            "max_session_duration": 3600,
            "name": "Role_RDS_DB_Connect",
            "name_prefix": null,
            "path": "/",
            "permissions_boundary": null,
            "tags": null,
            "unique_id": "AROA6FKQTPQ3UYIHODBAG"
          },
          "private": "bnVsbA=="
        }
      ]
    },
    {
      "mode": "managed",
      "type": "aws_iam_role_policy_attachment",
      "name": "Attach_RDS_DB_Connect",
      "provider": "provider[\"registry.terraform.io/hashicorp/aws\"]",
      "instances": [
        {
          "schema_version": 0,
          "attributes": {
            "id": "Role_RDS_DB_Connect-20201213164854401800000002",
            "policy_arn": "arn:aws:iam::973516012599:policy/Policy_RDS_DB_Connect",
            "role": "Role_RDS_DB_Connect"
          },
          "private": "bnVsbA==",
          "dependencies": [
            "aws_db_instance.db_instance",
            "aws_db_subnet_group.subnet-rds-private-instances",
            "aws_iam_policy.Policy_RDS_DB_Connect",
            "aws_iam_role.Role_RDS_DB_Connect",
            "aws_security_group.SG_RDS",
            "aws_security_group.SSH_Anyware",
            "aws_subnet.VPCPrivateSubnetACidrBlock",
            "aws_subnet.VPCPrivateSubnetBCidrBlock",
            "aws_vpc.VPC_Test"
          ]
        }
      ]
    },
    {
      "mode": "managed",
      "type": "aws_internet_gateway",
      "name": "Internet_Gateway_Public_Subnet",
      "provider": "provider[\"registry.terraform.io/hashicorp/aws\"]",
      "instances": [
        {
          "schema_version": 0,
          "attributes": {
            "arn": "arn:aws:ec2:us-east-1:973516012599:internet-gateway/igw-07fede87fec34252b",
            "id": "igw-07fede87fec34252b",
            "owner_id": "973516012599",
            "tags": {
              "Name": "Internet_Gateway_Public_Subnet"
            },
            "vpc_id": "vpc-069bdc6caba09f3f0"
          },
          "private": "bnVsbA==",
          "dependencies": [
            "aws_vpc.VPC_Test"
          ]
        }
      ]
    },
    {
      "mode": "managed",
      "type": "aws_key_pair",
      "name": "Test_And_Test",
      "provider": "provider[\"registry.terraform.io/hashicorp/aws\"]",
      "instances": [
        {
          "schema_version": 1,
          "attributes": {
            "arn": "arn:aws:ec2:us-east-1:973516012599:key-pair/Test_Joneshys_Terraform_Key_Pair_Test",
            "fingerprint": "5e:13:5b:41:ed:fe:55:9c:81:bc:67:19:df:0e:5e:5a",
            "id": "Test_Joneshys_Terraform_Key_Pair_Test",
            "key_name": "Test_Joneshys_Terraform_Key_Pair_Test",
            "key_name_prefix": null,
            "key_pair_id": "key-04f655b0d6751cbe8",
            "public_key": "ssh-rsa AAAAB3NzaC1yc2EAAAADAQABAAACAQDWuVpJAAsnQ2OFqg4U7xIt3RQ0XktOFtml3InrpV8hopyeLvHm3DiqtgxdybsKttcNLIrLScZTaB9a5y8mWdpTZZ0WQXCMbI+G1sN/SC0ldy27KiQrsEo8kVQZ00utIENdEC/fMBmPyiY2tu/rTMTvOiMroHU+jY9NG9EW4p2+1TiX6koJiD2vIFPvSpobUzgHMyoCFi/f6NiPQuUmDeBzcK7UaxSBf6ztCPXIVT8oPChSXoN9L30ptzqp4Qkst3gnX02PEeHjKpZ4grjqdbbfZJK0VM84rL0BdQ7YnapRidIgX+lBtnX67U7Ufm8FRx7NsH254Db5GG2I3X803TTsOOlD3558wsLHvjzMUwUruV9vtrARbj1VPJE2YnrmUhYQhQVf7tU3D6BDZte8Qdinq/H2Y603LxqzYpYtHpOTq6f+EPLdcw9J41by2dRLeuzXDEXADog+6KwkCAlSBidMKG0iCYbDYVA7nRmTSHc5TemnFoTkSQBMKE0SU1gGtxJ5FMOhKcVVWCpESIjyakvNsH/n7V2rOuDKmbLp4qjVYbvJCnfhLYcwRIA6z1O7CcIPQ87YhJflAiOqpilDI6pJ0iKfeo0GoFPfhrLL8a9vPyMQ7uYHZEwlF4EorXa6TTdon/UlUKQuS2hQnz8Zl62HK6xTHPi803rM76ae3i7qzw== your_email@domain.com",
            "tags": null
          },
          "private": "eyJzY2hlbWFfdmVyc2lvbiI6IjEifQ=="
        }
      ]
    },
    {
      "mode": "managed",
      "type": "aws_launch_configuration",
      "name": "Instances_Pool_Web",
      "provider": "provider[\"registry.terraform.io/hashicorp/aws\"]",
      "instances": [
        {
          "schema_version": 0,
          "attributes": {
            "arn": "arn:aws:autoscaling:us-east-1:973516012599:launchConfiguration:291e4973-bf28-40cb-9858-7b31083e7426:launchConfigurationName/Test_Joneshys_LC_Web_",
            "associate_public_ip_address": true,
            "ebs_block_device": [],
            "ebs_optimized": false,
            "enable_monitoring": true,
            "ephemeral_block_device": [],
            "iam_instance_profile": "",
            "id": "Test_Joneshys_LC_Web_",
            "image_id": "ami-0bd472d276ad417d0",
            "instance_type": "t3.medium",
            "key_name": "Test_Joneshys_Terraform_Key_Pair_Test",
            "name": "Test_Joneshys_LC_Web_",
            "name_prefix": null,
            "placement_tenancy": null,
            "root_block_device": [],
            "security_groups": [
              "sg-0110bdee09c5e1fcf",
              "sg-09cb1391ae3e37feb"
            ],
            "spot_price": "",
            "user_data": "4b2333c27cd3f81471d72f7c568419958767be92",
            "user_data_base64": null,
            "vpc_classic_link_id": "",
            "vpc_classic_link_security_groups": null
          },
          "private": "bnVsbA==",
          "dependencies": [
            "aws_security_group.Elastic_Load_balances_Test",
            "aws_security_group.HTTP_Anyware",
            "aws_security_group.SSH_Anyware",
            "aws_vpc.VPC_Test"
          ]
        }
      ]
    },
    {
      "mode": "managed",
      "type": "aws_lb",
      "name": "Elastic_Load_balances_Test",
      "provider": "provider[\"registry.terraform.io/hashicorp/aws\"]",
      "instances": [
        {
          "schema_version": 0,
          "attributes": {
            "access_logs": [
              {
                "bucket": "",
                "enabled": false,
                "prefix": ""
              }
            ],
            "arn": "arn:aws:elasticloadbalancing:us-east-1:973516012599:loadbalancer/app/elastic-load-balances-test/88b80d38632bbf9d",
            "arn_suffix": "app/elastic-load-balances-test/88b80d38632bbf9d",
            "customer_owned_ipv4_pool": "",
            "dns_name": "elastic-load-balances-test-1420656937.us-east-1.elb.amazonaws.com",
            "drop_invalid_header_fields": false,
            "enable_cross_zone_load_balancing": null,
            "enable_deletion_protection": false,
            "enable_http2": true,
            "id": "arn:aws:elasticloadbalancing:us-east-1:973516012599:loadbalancer/app/elastic-load-balances-test/88b80d38632bbf9d",
            "idle_timeout": 60,
            "internal": false,
            "ip_address_type": "ipv4",
            "load_balancer_type": "application",
            "name": "elastic-load-balances-test",
            "name_prefix": null,
            "security_groups": [
              "sg-05f9d8fd8314160e6"
            ],
            "subnet_mapping": [
              {
                "allocation_id": "",
                "outpost_id": "",
                "private_ipv4_address": "",
                "subnet_id": "subnet-0452461e5d4f802ac"
              },
              {
                "allocation_id": "",
                "outpost_id": "",
                "private_ipv4_address": "",
                "subnet_id": "subnet-07f07d2fa64a401db"
              }
            ],
            "subnets": [
              "subnet-0452461e5d4f802ac",
              "subnet-07f07d2fa64a401db"
            ],
            "tags": null,
            "timeouts": null,
            "vpc_id": "vpc-069bdc6caba09f3f0",
            "zone_id": "Z35SXDOTRQ7X7K"
          },
          "private": "eyJlMmJmYjczMC1lY2FhLTExZTYtOGY4OC0zNDM2M2JjN2M0YzAiOnsiY3JlYXRlIjo2MDAwMDAwMDAwMDAsImRlbGV0ZSI6NjAwMDAwMDAwMDAwLCJ1cGRhdGUiOjYwMDAwMDAwMDAwMH19",
          "dependencies": [
            "aws_security_group.Elastic_Load_balances_Test",
            "aws_subnet.VPCPublicSubnetACidrBlock",
            "aws_subnet.VPCPublicSubnetBCidrBlock",
            "aws_vpc.VPC_Test"
          ]
        }
      ]
    },
    {
      "mode": "managed",
      "type": "aws_lb_listener",
      "name": "Listener_Elastic_Load_balances_Test",
      "provider": "provider[\"registry.terraform.io/hashicorp/aws\"]",
      "instances": [
        {
          "schema_version": 0,
          "attributes": {
            "arn": "arn:aws:elasticloadbalancing:us-east-1:973516012599:listener/app/elastic-load-balances-test/88b80d38632bbf9d/c8bfc604c1ebb6ba",
            "certificate_arn": null,
            "default_action": [
              {
                "authenticate_cognito": [],
                "authenticate_oidc": [],
                "fixed_response": [],
                "forward": [],
                "order": 1,
                "redirect": [
                  {
                    "host": "#{host}",
                    "path": "/#{path}",
                    "port": "443",
                    "protocol": "HTTPS",
                    "query": "#{query}",
                    "status_code": "HTTP_301"
                  }
                ],
                "target_group_arn": "",
                "type": "redirect"
              }
            ],
            "id": "arn:aws:elasticloadbalancing:us-east-1:973516012599:listener/app/elastic-load-balances-test/88b80d38632bbf9d/c8bfc604c1ebb6ba",
            "load_balancer_arn": "arn:aws:elasticloadbalancing:us-east-1:973516012599:loadbalancer/app/elastic-load-balances-test/88b80d38632bbf9d",
            "port": 80,
            "protocol": "HTTP",
            "ssl_policy": "",
            "timeouts": null
          },
          "private": "eyJlMmJmYjczMC1lY2FhLTExZTYtOGY4OC0zNDM2M2JjN2M0YzAiOnsicmVhZCI6NjAwMDAwMDAwMDAwfX0=",
          "dependencies": [
            "aws_lb.Elastic_Load_balances_Test",
            "aws_security_group.Elastic_Load_balances_Test",
            "aws_subnet.VPCPublicSubnetACidrBlock",
            "aws_subnet.VPCPublicSubnetBCidrBlock",
            "aws_vpc.VPC_Test"
          ]
        }
      ]
    },
    {
      "mode": "managed",
      "type": "aws_lb_listener",
      "name": "Listener_Elastic_Load_balances_Test_Docker",
      "provider": "provider[\"registry.terraform.io/hashicorp/aws\"]",
      "instances": [
        {
          "schema_version": 0,
          "attributes": {
            "arn": "arn:aws:elasticloadbalancing:us-east-1:973516012599:listener/app/elastic-load-balances-test/88b80d38632bbf9d/c390ad6c54361335",
            "certificate_arn": null,
            "default_action": [
              {
                "authenticate_cognito": [],
                "authenticate_oidc": [],
                "fixed_response": [],
                "forward": [],
                "order": 1,
                "redirect": [
                  {
                    "host": "#{host}",
                    "path": "/#{path}",
                    "port": "443",
                    "protocol": "HTTPS",
                    "query": "#{query}",
                    "status_code": "HTTP_301"
                  }
                ],
                "target_group_arn": "",
                "type": "redirect"
              }
            ],
            "id": "arn:aws:elasticloadbalancing:us-east-1:973516012599:listener/app/elastic-load-balances-test/88b80d38632bbf9d/c390ad6c54361335",
            "load_balancer_arn": "arn:aws:elasticloadbalancing:us-east-1:973516012599:loadbalancer/app/elastic-load-balances-test/88b80d38632bbf9d",
            "port": 3000,
            "protocol": "HTTP",
            "ssl_policy": "",
            "timeouts": null
          },
          "private": "eyJlMmJmYjczMC1lY2FhLTExZTYtOGY4OC0zNDM2M2JjN2M0YzAiOnsicmVhZCI6NjAwMDAwMDAwMDAwfX0=",
          "dependencies": [
            "aws_lb.Elastic_Load_balances_Test",
            "aws_security_group.Elastic_Load_balances_Test",
            "aws_subnet.VPCPublicSubnetACidrBlock",
            "aws_subnet.VPCPublicSubnetBCidrBlock",
            "aws_vpc.VPC_Test"
          ]
        }
      ]
    },
    {
      "mode": "managed",
      "type": "aws_lb_listener_rule",
      "name": "lb-listener-rule",
      "provider": "provider[\"registry.terraform.io/hashicorp/aws\"]",
      "instances": [
        {
          "schema_version": 0,
          "attributes": {
            "action": [
              {
                "authenticate_cognito": [],
                "authenticate_oidc": [],
                "fixed_response": [],
                "forward": [],
                "order": 1,
                "redirect": [],
                "target_group_arn": "arn:aws:elasticloadbalancing:us-east-1:973516012599:targetgroup/lb-target-group/086de49b728bd639",
                "type": "forward"
              }
            ],
            "arn": "arn:aws:elasticloadbalancing:us-east-1:973516012599:listener-rule/app/elastic-load-balances-test/88b80d38632bbf9d/c8bfc604c1ebb6ba/2ffb61cd3996b23d",
            "condition": [
              {
                "host_header": [],
                "http_header": [],
                "http_request_method": [],
                "path_pattern": [
                  {
                    "values": [
                      "/*"
                    ]
                  }
                ],
                "query_string": [],
                "source_ip": []
              }
            ],
            "id": "arn:aws:elasticloadbalancing:us-east-1:973516012599:listener-rule/app/elastic-load-balances-test/88b80d38632bbf9d/c8bfc604c1ebb6ba/2ffb61cd3996b23d",
            "listener_arn": "arn:aws:elasticloadbalancing:us-east-1:973516012599:listener/app/elastic-load-balances-test/88b80d38632bbf9d/c8bfc604c1ebb6ba",
            "priority": 1
          },
          "private": "bnVsbA==",
          "dependencies": [
            "aws_lb.Elastic_Load_balances_Test",
            "aws_lb_listener.Listener_Elastic_Load_balances_Test",
            "aws_lb_target_group.lb_target_group",
            "aws_security_group.Elastic_Load_balances_Test",
            "aws_subnet.VPCPublicSubnetACidrBlock",
            "aws_subnet.VPCPublicSubnetBCidrBlock",
            "aws_vpc.VPC_Test"
          ]
        }
      ]
    },
    {
      "mode": "managed",
      "type": "aws_lb_listener_rule",
      "name": "lb-listener-rule-Docker",
      "provider": "provider[\"registry.terraform.io/hashicorp/aws\"]",
      "instances": [
        {
          "schema_version": 0,
          "attributes": {
            "action": [
              {
                "authenticate_cognito": [],
                "authenticate_oidc": [],
                "fixed_response": [],
                "forward": [],
                "order": 1,
                "redirect": [],
                "target_group_arn": "arn:aws:elasticloadbalancing:us-east-1:973516012599:targetgroup/lb-target-group-docker/7b03e8b459667bb7",
                "type": "forward"
              }
            ],
            "arn": "arn:aws:elasticloadbalancing:us-east-1:973516012599:listener-rule/app/elastic-load-balances-test/88b80d38632bbf9d/c390ad6c54361335/01b18c870fa62e4b",
            "condition": [
              {
                "host_header": [],
                "http_header": [],
                "http_request_method": [],
                "path_pattern": [
                  {
                    "values": [
                      "/query"
                    ]
                  }
                ],
                "query_string": [],
                "source_ip": []
              }
            ],
            "id": "arn:aws:elasticloadbalancing:us-east-1:973516012599:listener-rule/app/elastic-load-balances-test/88b80d38632bbf9d/c390ad6c54361335/01b18c870fa62e4b",
            "listener_arn": "arn:aws:elasticloadbalancing:us-east-1:973516012599:listener/app/elastic-load-balances-test/88b80d38632bbf9d/c390ad6c54361335",
            "priority": 2
          },
          "private": "bnVsbA==",
          "dependencies": [
            "aws_lb.Elastic_Load_balances_Test",
            "aws_lb_listener.Listener_Elastic_Load_balances_Test_Docker",
            "aws_lb_target_group.lb_target_group_docker",
            "aws_security_group.Elastic_Load_balances_Test",
            "aws_subnet.VPCPublicSubnetACidrBlock",
            "aws_subnet.VPCPublicSubnetBCidrBlock",
            "aws_vpc.VPC_Test"
          ]
        }
      ]
    },
    {
      "mode": "managed",
      "type": "aws_lb_target_group",
      "name": "lb_target_group",
      "provider": "provider[\"registry.terraform.io/hashicorp/aws\"]",
      "instances": [
        {
          "schema_version": 0,
          "attributes": {
            "arn": "arn:aws:elasticloadbalancing:us-east-1:973516012599:targetgroup/lb-target-group/086de49b728bd639",
            "arn_suffix": "targetgroup/lb-target-group/086de49b728bd639",
            "deregistration_delay": 300,
            "health_check": [
              {
                "enabled": true,
                "healthy_threshold": 5,
                "interval": 30,
                "matcher": "200",
                "path": "/",
                "port": "traffic-port",
                "protocol": "HTTP",
                "timeout": 5,
                "unhealthy_threshold": 2
              }
            ],
            "id": "arn:aws:elasticloadbalancing:us-east-1:973516012599:targetgroup/lb-target-group/086de49b728bd639",
            "lambda_multi_value_headers_enabled": false,
            "load_balancing_algorithm_type": "round_robin",
            "name": "lb-target-group",
            "name_prefix": null,
            "port": 80,
            "protocol": "HTTP",
            "proxy_protocol_v2": false,
            "slow_start": 0,
            "stickiness": [
              {
                "cookie_duration": 86400,
                "enabled": false,
                "type": "lb_cookie"
              }
            ],
            "tags": null,
            "target_type": "instance",
            "vpc_id": "vpc-069bdc6caba09f3f0"
          },
          "private": "bnVsbA==",
          "dependencies": [
            "aws_vpc.VPC_Test"
          ]
        }
      ]
    },
    {
      "mode": "managed",
      "type": "aws_lb_target_group",
      "name": "lb_target_group_docker",
      "provider": "provider[\"registry.terraform.io/hashicorp/aws\"]",
      "instances": [
        {
          "schema_version": 0,
          "attributes": {
            "arn": "arn:aws:elasticloadbalancing:us-east-1:973516012599:targetgroup/lb-target-group-docker/7b03e8b459667bb7",
            "arn_suffix": "targetgroup/lb-target-group-docker/7b03e8b459667bb7",
            "deregistration_delay": 300,
            "health_check": [
              {
                "enabled": true,
                "healthy_threshold": 5,
                "interval": 30,
                "matcher": "200",
                "path": "/",
                "port": "traffic-port",
                "protocol": "HTTP",
                "timeout": 5,
                "unhealthy_threshold": 2
              }
            ],
            "id": "arn:aws:elasticloadbalancing:us-east-1:973516012599:targetgroup/lb-target-group-docker/7b03e8b459667bb7",
            "lambda_multi_value_headers_enabled": false,
            "load_balancing_algorithm_type": "round_robin",
            "name": "lb-target-group-docker",
            "name_prefix": null,
            "port": 3000,
            "protocol": "HTTP",
            "proxy_protocol_v2": false,
            "slow_start": 0,
            "stickiness": [
              {
                "cookie_duration": 86400,
                "enabled": false,
                "type": "lb_cookie"
              }
            ],
            "tags": null,
            "target_type": "instance",
            "vpc_id": "vpc-069bdc6caba09f3f0"
          },
          "private": "bnVsbA==",
          "dependencies": [
            "aws_vpc.VPC_Test"
          ]
        }
      ]
    },
    {
      "mode": "managed",
      "type": "aws_route_table",
      "name": "Route_Table",
      "provider": "provider[\"registry.terraform.io/hashicorp/aws\"]",
      "instances": [
        {
          "schema_version": 0,
          "attributes": {
            "id": "rtb-0ed54926f966194a6",
            "owner_id": "973516012599",
            "propagating_vgws": [],
            "route": [
              {
                "cidr_block": "0.0.0.0/0",
                "egress_only_gateway_id": "",
                "gateway_id": "igw-07fede87fec34252b",
                "instance_id": "",
                "ipv6_cidr_block": "",
                "local_gateway_id": "",
                "nat_gateway_id": "",
                "network_interface_id": "",
                "transit_gateway_id": "",
                "vpc_endpoint_id": "",
                "vpc_peering_connection_id": ""
              }
            ],
            "tags": {
              "Name": "Route_Table"
            },
            "vpc_id": "vpc-069bdc6caba09f3f0"
          },
          "private": "bnVsbA==",
          "dependencies": [
            "aws_internet_gateway.Internet_Gateway_Public_Subnet",
            "aws_vpc.VPC_Test"
          ]
        }
      ]
    },
    {
      "mode": "managed",
      "type": "aws_route_table_association",
      "name": "Roue_Table_VPCPrivateSubnetACidrBlock",
      "provider": "provider[\"registry.terraform.io/hashicorp/aws\"]",
      "instances": [
        {
          "schema_version": 0,
          "attributes": {
            "gateway_id": null,
            "id": "rtbassoc-0d452fd76902f3301",
            "route_table_id": "rtb-0ed54926f966194a6",
            "subnet_id": "subnet-0fb8a829b6f34ce38"
          },
          "private": "bnVsbA==",
          "dependencies": [
            "aws_internet_gateway.Internet_Gateway_Public_Subnet",
            "aws_route_table.Route_Table",
            "aws_subnet.VPCPrivateSubnetACidrBlock",
            "aws_vpc.VPC_Test"
          ]
        }
      ]
    },
    {
      "mode": "managed",
      "type": "aws_route_table_association",
      "name": "Roue_Table_VPCPrivateSubnetBCidrBlock",
      "provider": "provider[\"registry.terraform.io/hashicorp/aws\"]",
      "instances": [
        {
          "schema_version": 0,
          "attributes": {
            "gateway_id": null,
            "id": "rtbassoc-088dce54f54797796",
            "route_table_id": "rtb-0ed54926f966194a6",
            "subnet_id": "subnet-07e0cfe18da135c31"
          },
          "private": "bnVsbA==",
          "dependencies": [
            "aws_internet_gateway.Internet_Gateway_Public_Subnet",
            "aws_route_table.Route_Table",
            "aws_subnet.VPCPrivateSubnetBCidrBlock",
            "aws_vpc.VPC_Test"
          ]
        }
      ]
    },
    {
      "mode": "managed",
      "type": "aws_route_table_association",
      "name": "Roue_Table_VPCPublicSubnetACidrBlock",
      "provider": "provider[\"registry.terraform.io/hashicorp/aws\"]",
      "instances": [
        {
          "schema_version": 0,
          "attributes": {
            "gateway_id": null,
            "id": "rtbassoc-00eed8e9ef96e9ebc",
            "route_table_id": "rtb-0ed54926f966194a6",
            "subnet_id": "subnet-0452461e5d4f802ac"
          },
          "private": "bnVsbA==",
          "dependencies": [
            "aws_internet_gateway.Internet_Gateway_Public_Subnet",
            "aws_route_table.Route_Table",
            "aws_subnet.VPCPublicSubnetACidrBlock",
            "aws_vpc.VPC_Test"
          ]
        }
      ]
    },
    {
      "mode": "managed",
      "type": "aws_route_table_association",
      "name": "Roue_Table_VPCPublicSubnetBCidrBlock",
      "provider": "provider[\"registry.terraform.io/hashicorp/aws\"]",
      "instances": [
        {
          "schema_version": 0,
          "attributes": {
            "gateway_id": null,
            "id": "rtbassoc-0dba8e06fb873ebcf",
            "route_table_id": "rtb-0ed54926f966194a6",
            "subnet_id": "subnet-07f07d2fa64a401db"
          },
          "private": "bnVsbA==",
          "dependencies": [
            "aws_internet_gateway.Internet_Gateway_Public_Subnet",
            "aws_route_table.Route_Table",
            "aws_subnet.VPCPublicSubnetBCidrBlock",
            "aws_vpc.VPC_Test"
          ]
        }
      ]
    },
    {
      "mode": "managed",
      "type": "aws_security_group",
      "name": "Elastic_Load_balances_Test",
      "provider": "provider[\"registry.terraform.io/hashicorp/aws\"]",
      "instances": [
        {
          "schema_version": 1,
          "attributes": {
            "arn": "arn:aws:ec2:us-east-1:973516012599:security-group/sg-05f9d8fd8314160e6",
            "description": "Balanceador de carga V2",
            "egress": [
              {
                "cidr_blocks": [
                  "0.0.0.0/0"
                ],
                "description": "",
                "from_port": 0,
                "ipv6_cidr_blocks": [],
                "prefix_list_ids": [],
                "protocol": "-1",
                "security_groups": [],
                "self": false,
                "to_port": 0
              }
            ],
            "id": "sg-05f9d8fd8314160e6",
            "ingress": [
              {
                "cidr_blocks": [
                  "0.0.0.0/0"
                ],
                "description": "Port 3000 para el consumo de la aplicacion de Flask",
                "from_port": 3000,
                "ipv6_cidr_blocks": [],
                "prefix_list_ids": [],
                "protocol": "tcp",
                "security_groups": [],
                "self": false,
                "to_port": 3000
              },
              {
                "cidr_blocks": [
                  "0.0.0.0/0"
                ],
                "description": "Port 443, port HTTPS",
                "from_port": 433,
                "ipv6_cidr_blocks": [],
                "prefix_list_ids": [],
                "protocol": "tcp",
                "security_groups": [],
                "self": false,
                "to_port": 433
              },
              {
                "cidr_blocks": [
                  "0.0.0.0/0"
                ],
                "description": "Port 80 para el consumo de apache",
                "from_port": 80,
                "ipv6_cidr_blocks": [],
                "prefix_list_ids": [],
                "protocol": "tcp",
                "security_groups": [],
                "self": false,
                "to_port": 80
              }
            ],
            "name": "Test_Joneshys_Elastic_Load_balances_Test_",
            "name_prefix": "",
            "owner_id": "973516012599",
            "revoke_rules_on_delete": false,
            "tags": null,
            "timeouts": null,
            "vpc_id": "vpc-069bdc6caba09f3f0"
          },
          "private": "eyJlMmJmYjczMC1lY2FhLTExZTYtOGY4OC0zNDM2M2JjN2M0YzAiOnsiY3JlYXRlIjo2MDAwMDAwMDAwMDAsImRlbGV0ZSI6NjAwMDAwMDAwMDAwfSwic2NoZW1hX3ZlcnNpb24iOiIxIn0=",
          "dependencies": [
            "aws_vpc.VPC_Test"
          ]
        }
      ]
    },
    {
      "mode": "managed",
      "type": "aws_security_group",
      "name": "HTTP_Anyware",
      "provider": "provider[\"registry.terraform.io/hashicorp/aws\"]",
      "instances": [
        {
          "schema_version": 1,
          "attributes": {
            "arn": "arn:aws:ec2:us-east-1:973516012599:security-group/sg-0110bdee09c5e1fcf",
            "description": "HTTP for Anyware ",
            "egress": [
              {
                "cidr_blocks": [
                  "0.0.0.0/0"
                ],
                "description": "",
                "from_port": 0,
                "ipv6_cidr_blocks": [],
                "prefix_list_ids": [],
                "protocol": "-1",
                "security_groups": [],
                "self": false,
                "to_port": 0
              }
            ],
            "id": "sg-0110bdee09c5e1fcf",
            "ingress": [
              {
                "cidr_blocks": [
                  "0.0.0.0/0"
                ],
                "description": "",
                "from_port": 3000,
                "ipv6_cidr_blocks": [],
                "prefix_list_ids": [],
                "protocol": "tcp",
                "security_groups": [
                  "sg-05f9d8fd8314160e6"
                ],
                "self": false,
                "to_port": 3000
              },
              {
                "cidr_blocks": [],
                "description": "",
                "from_port": 80,
                "ipv6_cidr_blocks": [],
                "prefix_list_ids": [],
                "protocol": "tcp",
                "security_groups": [
                  "sg-05f9d8fd8314160e6"
                ],
                "self": false,
                "to_port": 80
              }
            ],
            "name": "Test_Joneshys_HTTP_Anyware",
            "name_prefix": "",
            "owner_id": "973516012599",
            "revoke_rules_on_delete": false,
            "tags": null,
            "timeouts": null,
            "vpc_id": "vpc-069bdc6caba09f3f0"
          },
          "private": "eyJlMmJmYjczMC1lY2FhLTExZTYtOGY4OC0zNDM2M2JjN2M0YzAiOnsiY3JlYXRlIjo2MDAwMDAwMDAwMDAsImRlbGV0ZSI6NjAwMDAwMDAwMDAwfSwic2NoZW1hX3ZlcnNpb24iOiIxIn0=",
          "dependencies": [
            "aws_security_group.Elastic_Load_balances_Test",
            "aws_vpc.VPC_Test"
          ]
        }
      ]
    },
    {
      "mode": "managed",
      "type": "aws_security_group",
      "name": "SG_RDS",
      "provider": "provider[\"registry.terraform.io/hashicorp/aws\"]",
      "instances": [
        {
          "schema_version": 1,
          "attributes": {
            "arn": "arn:aws:ec2:us-east-1:973516012599:security-group/sg-007ed4170675c6a74",
            "description": "Grupo de seguridad para el acceso a la DB desde las subnet Privadas",
            "egress": [
              {
                "cidr_blocks": [
                  "0.0.0.0/0"
                ],
                "description": "",
                "from_port": 0,
                "ipv6_cidr_blocks": [],
                "prefix_list_ids": [],
                "protocol": "-1",
                "security_groups": [],
                "self": false,
                "to_port": 0
              }
            ],
            "id": "sg-007ed4170675c6a74",
            "ingress": [
              {
                "cidr_blocks": [
                  "201.233.219.25/32"
                ],
                "description": "Ingreso a la DB desde la subnet privada",
                "from_port": 58963,
                "ipv6_cidr_blocks": [],
                "prefix_list_ids": [],
                "protocol": "tcp",
                "security_groups": [
                  "sg-09cb1391ae3e37feb"
                ],
                "self": false,
                "to_port": 58963
              }
            ],
            "name": "Test_Joneshys_SG_RDS_",
            "name_prefix": "",
            "owner_id": "973516012599",
            "revoke_rules_on_delete": false,
            "tags": null,
            "timeouts": null,
            "vpc_id": "vpc-069bdc6caba09f3f0"
          },
          "private": "eyJlMmJmYjczMC1lY2FhLTExZTYtOGY4OC0zNDM2M2JjN2M0YzAiOnsiY3JlYXRlIjo2MDAwMDAwMDAwMDAsImRlbGV0ZSI6NjAwMDAwMDAwMDAwfSwic2NoZW1hX3ZlcnNpb24iOiIxIn0=",
          "dependencies": [
            "aws_security_group.SSH_Anyware",
            "aws_vpc.VPC_Test"
          ]
        }
      ]
    },
    {
      "mode": "managed",
      "type": "aws_security_group",
      "name": "SSH_Anyware",
      "provider": "provider[\"registry.terraform.io/hashicorp/aws\"]",
      "instances": [
        {
          "schema_version": 1,
          "attributes": {
            "arn": "arn:aws:ec2:us-east-1:973516012599:security-group/sg-09cb1391ae3e37feb",
            "description": "SSH_Anyware inbound to SSH",
            "egress": [
              {
                "cidr_blocks": [
                  "0.0.0.0/0"
                ],
                "description": "",
                "from_port": 0,
                "ipv6_cidr_blocks": [],
                "prefix_list_ids": [],
                "protocol": "-1",
                "security_groups": [],
                "self": false,
                "to_port": 0
              }
            ],
            "id": "sg-09cb1391ae3e37feb",
            "ingress": [
              {
                "cidr_blocks": [
                  "0.0.0.0/0"
                ],
                "description": "",
                "from_port": 22,
                "ipv6_cidr_blocks": [],
                "prefix_list_ids": [],
                "protocol": "tcp",
                "security_groups": [],
                "self": false,
                "to_port": 22
              }
            ],
            "name": "Test_Joneshys_SSH_Anyware",
            "name_prefix": "",
            "owner_id": "973516012599",
            "revoke_rules_on_delete": false,
            "tags": null,
            "timeouts": null,
            "vpc_id": "vpc-069bdc6caba09f3f0"
          },
          "private": "eyJlMmJmYjczMC1lY2FhLTExZTYtOGY4OC0zNDM2M2JjN2M0YzAiOnsiY3JlYXRlIjo2MDAwMDAwMDAwMDAsImRlbGV0ZSI6NjAwMDAwMDAwMDAwfSwic2NoZW1hX3ZlcnNpb24iOiIxIn0=",
          "dependencies": [
            "aws_vpc.VPC_Test"
          ]
        }
      ]
    },
    {
      "mode": "managed",
      "type": "aws_subnet",
      "name": "VPCPrivateSubnetACidrBlock",
      "provider": "provider[\"registry.terraform.io/hashicorp/aws\"]",
      "instances": [
        {
          "schema_version": 1,
          "attributes": {
            "arn": "arn:aws:ec2:us-east-1:973516012599:subnet/subnet-0fb8a829b6f34ce38",
            "assign_ipv6_address_on_creation": false,
            "availability_zone": "us-east-1a",
            "availability_zone_id": "use1-az1",
            "cidr_block": "10.170.32.0/26",
            "id": "subnet-0fb8a829b6f34ce38",
            "ipv6_cidr_block": "",
            "ipv6_cidr_block_association_id": "",
            "map_public_ip_on_launch": false,
            "outpost_arn": "",
            "owner_id": "973516012599",
            "tags": {
              "Name": "VPCPrivateSubnetACidrBlock"
            },
            "timeouts": null,
            "vpc_id": "vpc-069bdc6caba09f3f0"
          },
          "private": "eyJlMmJmYjczMC1lY2FhLTExZTYtOGY4OC0zNDM2M2JjN2M0YzAiOnsiY3JlYXRlIjo2MDAwMDAwMDAwMDAsImRlbGV0ZSI6MTIwMDAwMDAwMDAwMH0sInNjaGVtYV92ZXJzaW9uIjoiMSJ9",
          "dependencies": [
            "aws_vpc.VPC_Test"
          ]
        }
      ]
    },
    {
      "mode": "managed",
      "type": "aws_subnet",
      "name": "VPCPrivateSubnetBCidrBlock",
      "provider": "provider[\"registry.terraform.io/hashicorp/aws\"]",
      "instances": [
        {
          "schema_version": 1,
          "attributes": {
            "arn": "arn:aws:ec2:us-east-1:973516012599:subnet/subnet-07e0cfe18da135c31",
            "assign_ipv6_address_on_creation": false,
            "availability_zone": "us-east-1b",
            "availability_zone_id": "use1-az2",
            "cidr_block": "10.170.32.64/26",
            "id": "subnet-07e0cfe18da135c31",
            "ipv6_cidr_block": "",
            "ipv6_cidr_block_association_id": "",
            "map_public_ip_on_launch": false,
            "outpost_arn": "",
            "owner_id": "973516012599",
            "tags": {
              "Name": "VPCPrivateSubnetBCidrBlock"
            },
            "timeouts": null,
            "vpc_id": "vpc-069bdc6caba09f3f0"
          },
          "private": "eyJlMmJmYjczMC1lY2FhLTExZTYtOGY4OC0zNDM2M2JjN2M0YzAiOnsiY3JlYXRlIjo2MDAwMDAwMDAwMDAsImRlbGV0ZSI6MTIwMDAwMDAwMDAwMH0sInNjaGVtYV92ZXJzaW9uIjoiMSJ9",
          "dependencies": [
            "aws_vpc.VPC_Test"
          ]
        }
      ]
    },
    {
      "mode": "managed",
      "type": "aws_subnet",
      "name": "VPCPublicSubnetACidrBlock",
      "provider": "provider[\"registry.terraform.io/hashicorp/aws\"]",
      "instances": [
        {
          "schema_version": 1,
          "attributes": {
            "arn": "arn:aws:ec2:us-east-1:973516012599:subnet/subnet-0452461e5d4f802ac",
            "assign_ipv6_address_on_creation": false,
            "availability_zone": "us-east-1b",
            "availability_zone_id": "use1-az2",
            "cidr_block": "10.170.32.128/27",
            "id": "subnet-0452461e5d4f802ac",
            "ipv6_cidr_block": "",
            "ipv6_cidr_block_association_id": "",
            "map_public_ip_on_launch": true,
            "outpost_arn": "",
            "owner_id": "973516012599",
            "tags": {
              "Name": "VPCPublicSubnetACidrBlock"
            },
            "timeouts": null,
            "vpc_id": "vpc-069bdc6caba09f3f0"
          },
          "private": "eyJlMmJmYjczMC1lY2FhLTExZTYtOGY4OC0zNDM2M2JjN2M0YzAiOnsiY3JlYXRlIjo2MDAwMDAwMDAwMDAsImRlbGV0ZSI6MTIwMDAwMDAwMDAwMH0sInNjaGVtYV92ZXJzaW9uIjoiMSJ9",
          "dependencies": [
            "aws_vpc.VPC_Test"
          ]
        }
      ]
    },
    {
      "mode": "managed",
      "type": "aws_subnet",
      "name": "VPCPublicSubnetBCidrBlock",
      "provider": "provider[\"registry.terraform.io/hashicorp/aws\"]",
      "instances": [
        {
          "schema_version": 1,
          "attributes": {
            "arn": "arn:aws:ec2:us-east-1:973516012599:subnet/subnet-07f07d2fa64a401db",
            "assign_ipv6_address_on_creation": false,
            "availability_zone": "us-east-1a",
            "availability_zone_id": "use1-az1",
            "cidr_block": "10.170.32.160/27",
            "id": "subnet-07f07d2fa64a401db",
            "ipv6_cidr_block": "",
            "ipv6_cidr_block_association_id": "",
            "map_public_ip_on_launch": true,
            "outpost_arn": "",
            "owner_id": "973516012599",
            "tags": {
              "Name": "VPCPublicSubnetBCidrBlock"
            },
            "timeouts": null,
            "vpc_id": "vpc-069bdc6caba09f3f0"
          },
          "private": "eyJlMmJmYjczMC1lY2FhLTExZTYtOGY4OC0zNDM2M2JjN2M0YzAiOnsiY3JlYXRlIjo2MDAwMDAwMDAwMDAsImRlbGV0ZSI6MTIwMDAwMDAwMDAwMH0sInNjaGVtYV92ZXJzaW9uIjoiMSJ9",
          "dependencies": [
            "aws_vpc.VPC_Test"
          ]
        }
      ]
    },
    {
      "mode": "managed",
      "type": "aws_vpc",
      "name": "VPC_Test",
      "provider": "provider[\"registry.terraform.io/hashicorp/aws\"]",
      "instances": [
        {
          "schema_version": 1,
          "attributes": {
            "arn": "arn:aws:ec2:us-east-1:973516012599:vpc/vpc-069bdc6caba09f3f0",
            "assign_generated_ipv6_cidr_block": false,
            "cidr_block": "10.170.32.0/24",
            "default_network_acl_id": "acl-07a639d4dd5cc3925",
            "default_route_table_id": "rtb-0fcc4809bc20ee4d9",
            "default_security_group_id": "sg-0f48524f905dd947b",
            "dhcp_options_id": "dopt-23882d59",
            "enable_classiclink": false,
            "enable_classiclink_dns_support": false,
            "enable_dns_hostnames": true,
            "enable_dns_support": true,
            "id": "vpc-069bdc6caba09f3f0",
            "instance_tenancy": "default",
            "ipv6_association_id": "",
            "ipv6_cidr_block": "",
            "main_route_table_id": "rtb-0fcc4809bc20ee4d9",
            "owner_id": "973516012599",
            "tags": {
              "Name": "Test_Joneshys_VPC_Test"
            }
          },
          "private": "eyJzY2hlbWFfdmVyc2lvbiI6IjEifQ=="
        }
      ]
    }
  ]
}
