{
  "version": 4,
  "terraform_version": "0.13.5",
  "serial": 17,
  "lineage": "a1ad764b-5ee7-5506-f622-121ebe30dff2",
  "outputs": {},
  "resources": [
    {
      "mode": "managed",
      "type": "aws_db_subnet_group",
      "name": "subnet-rds-private-instances",
      "provider": "provider[\"registry.terraform.io/hashicorp/aws\"]",
      "instances": [
        {
          "schema_version": 0,
          "attributes": {
            "arn": "arn:aws:rds:us-west-2:512887602942:subgrp:terraform-20201214171601047600000001",
            "description": "Managed by Terraform",
            "id": "terraform-20201214171601047600000001",
            "name": "terraform-20201214171601047600000001",
            "name_prefix": null,
            "subnet_ids": [
              "subnet-05ef555185b09ee59",
              "subnet-0fd6cfc045e3719c4"
            ],
            "tags": {}
          },
          "private": "bnVsbA==",
          "dependencies": [
            "aws_subnet.VPCPrivateSubnetACidrBlock",
            "aws_subnet.VPCPrivateSubnetBCidrBlock",
            "aws_vpc.VPC_Test"
          ]
        }
      ]
    },
    {
      "mode": "managed",
      "type": "aws_internet_gateway",
      "name": "Internet_Gateway_Public_Subnet",
      "provider": "provider[\"registry.terraform.io/hashicorp/aws\"]",
      "instances": [
        {
          "schema_version": 0,
          "attributes": {
            "arn": "arn:aws:ec2:us-west-2:512887602942:internet-gateway/igw-04c6a9cbb392829d3",
            "id": "igw-04c6a9cbb392829d3",
            "owner_id": "512887602942",
            "tags": {
              "Name": "Internet_Gateway_Public_Subnet"
            },
            "vpc_id": "vpc-02fb62344c3fea476"
          },
          "private": "bnVsbA==",
          "dependencies": [
            "aws_vpc.VPC_Test"
          ]
        }
      ]
    },
    {
      "mode": "managed",
      "type": "aws_route_table",
      "name": "Route_Table",
      "provider": "provider[\"registry.terraform.io/hashicorp/aws\"]",
      "instances": [
        {
          "schema_version": 0,
          "attributes": {
            "id": "rtb-055cd4a1c5ff02dc7",
            "owner_id": "512887602942",
            "propagating_vgws": [],
            "route": [
              {
                "cidr_block": "0.0.0.0/0",
                "egress_only_gateway_id": null,
                "gateway_id": "igw-04c6a9cbb392829d3",
                "instance_id": null,
                "ipv6_cidr_block": null,
                "local_gateway_id": null,
                "nat_gateway_id": null,
                "network_interface_id": null,
                "transit_gateway_id": null,
                "vpc_endpoint_id": null,
                "vpc_peering_connection_id": null
              }
            ],
            "tags": {
              "Name": "Route_Table"
            },
            "vpc_id": "vpc-02fb62344c3fea476"
          },
          "private": "bnVsbA==",
          "dependencies": [
            "aws_internet_gateway.Internet_Gateway_Public_Subnet",
            "aws_vpc.VPC_Test"
          ]
        }
      ]
    },
    {
      "mode": "managed",
      "type": "aws_route_table_association",
      "name": "Roue_Table_VPCPrivateSubnetACidrBlock",
      "provider": "provider[\"registry.terraform.io/hashicorp/aws\"]",
      "instances": [
        {
          "schema_version": 0,
          "attributes": {
            "gateway_id": null,
            "id": "rtbassoc-01865a3f8c01f34d4",
            "route_table_id": "rtb-055cd4a1c5ff02dc7",
            "subnet_id": "subnet-0fd6cfc045e3719c4"
          },
          "private": "bnVsbA==",
          "dependencies": [
            "aws_internet_gateway.Internet_Gateway_Public_Subnet",
            "aws_route_table.Route_Table",
            "aws_subnet.VPCPrivateSubnetACidrBlock",
            "aws_vpc.VPC_Test"
          ]
        }
      ]
    },
    {
      "mode": "managed",
      "type": "aws_route_table_association",
      "name": "Roue_Table_VPCPrivateSubnetBCidrBlock",
      "provider": "provider[\"registry.terraform.io/hashicorp/aws\"]",
      "instances": [
        {
          "schema_version": 0,
          "attributes": {
            "gateway_id": null,
            "id": "rtbassoc-02646f6c0f604146d",
            "route_table_id": "rtb-055cd4a1c5ff02dc7",
            "subnet_id": "subnet-05ef555185b09ee59"
          },
          "private": "bnVsbA==",
          "dependencies": [
            "aws_internet_gateway.Internet_Gateway_Public_Subnet",
            "aws_route_table.Route_Table",
            "aws_subnet.VPCPrivateSubnetBCidrBlock",
            "aws_vpc.VPC_Test"
          ]
        }
      ]
    },
    {
      "mode": "managed",
      "type": "aws_route_table_association",
      "name": "Roue_Table_VPCPublicSubnetACidrBlock",
      "provider": "provider[\"registry.terraform.io/hashicorp/aws\"]",
      "instances": [
        {
          "schema_version": 0,
          "attributes": {
            "gateway_id": null,
            "id": "rtbassoc-0d455f527b64e227a",
            "route_table_id": "rtb-055cd4a1c5ff02dc7",
            "subnet_id": "subnet-094b2b6477701a83f"
          },
          "private": "bnVsbA==",
          "dependencies": [
            "aws_internet_gateway.Internet_Gateway_Public_Subnet",
            "aws_route_table.Route_Table",
            "aws_subnet.VPCPublicSubnetACidrBlock",
            "aws_vpc.VPC_Test"
          ]
        }
      ]
    },
    {
      "mode": "managed",
      "type": "aws_route_table_association",
      "name": "Roue_Table_VPCPublicSubnetBCidrBlock",
      "provider": "provider[\"registry.terraform.io/hashicorp/aws\"]",
      "instances": [
        {
          "schema_version": 0,
          "attributes": {
            "gateway_id": null,
            "id": "rtbassoc-09d190dec41a12388",
            "route_table_id": "rtb-055cd4a1c5ff02dc7",
            "subnet_id": "subnet-03c16a6d3b7f9db62"
          },
          "private": "bnVsbA==",
          "dependencies": [
            "aws_internet_gateway.Internet_Gateway_Public_Subnet",
            "aws_route_table.Route_Table",
            "aws_subnet.VPCPublicSubnetBCidrBlock",
            "aws_vpc.VPC_Test"
          ]
        }
      ]
    },
    {
      "mode": "managed",
      "type": "aws_subnet",
      "name": "VPCPrivateSubnetACidrBlock",
      "provider": "provider[\"registry.terraform.io/hashicorp/aws\"]",
      "instances": [
        {
          "schema_version": 1,
          "attributes": {
            "arn": "arn:aws:ec2:us-west-2:512887602942:subnet/subnet-0fd6cfc045e3719c4",
            "assign_ipv6_address_on_creation": false,
            "availability_zone": "us-west-2a",
            "availability_zone_id": "usw2-az2",
            "cidr_block": "10.170.32.0/26",
            "id": "subnet-0fd6cfc045e3719c4",
            "ipv6_cidr_block": "",
            "ipv6_cidr_block_association_id": "",
            "map_public_ip_on_launch": false,
            "outpost_arn": "",
            "owner_id": "512887602942",
            "tags": {
              "Name": "VPCPrivateSubnetACidrBlock"
            },
            "timeouts": null,
            "vpc_id": "vpc-02fb62344c3fea476"
          },
          "private": "eyJlMmJmYjczMC1lY2FhLTExZTYtOGY4OC0zNDM2M2JjN2M0YzAiOnsiY3JlYXRlIjo2MDAwMDAwMDAwMDAsImRlbGV0ZSI6MTIwMDAwMDAwMDAwMH0sInNjaGVtYV92ZXJzaW9uIjoiMSJ9",
          "dependencies": [
            "aws_vpc.VPC_Test"
          ]
        }
      ]
    },
    {
      "mode": "managed",
      "type": "aws_subnet",
      "name": "VPCPrivateSubnetBCidrBlock",
      "provider": "provider[\"registry.terraform.io/hashicorp/aws\"]",
      "instances": [
        {
          "schema_version": 1,
          "attributes": {
            "arn": "arn:aws:ec2:us-west-2:512887602942:subnet/subnet-05ef555185b09ee59",
            "assign_ipv6_address_on_creation": false,
            "availability_zone": "us-west-2b",
            "availability_zone_id": "usw2-az1",
            "cidr_block": "10.170.32.64/26",
            "id": "subnet-05ef555185b09ee59",
            "ipv6_cidr_block": "",
            "ipv6_cidr_block_association_id": "",
            "map_public_ip_on_launch": false,
            "outpost_arn": "",
            "owner_id": "512887602942",
            "tags": {
              "Name": "VPCPrivateSubnetBCidrBlock"
            },
            "timeouts": null,
            "vpc_id": "vpc-02fb62344c3fea476"
          },
          "private": "eyJlMmJmYjczMC1lY2FhLTExZTYtOGY4OC0zNDM2M2JjN2M0YzAiOnsiY3JlYXRlIjo2MDAwMDAwMDAwMDAsImRlbGV0ZSI6MTIwMDAwMDAwMDAwMH0sInNjaGVtYV92ZXJzaW9uIjoiMSJ9",
          "dependencies": [
            "aws_vpc.VPC_Test"
          ]
        }
      ]
    },
    {
      "mode": "managed",
      "type": "aws_subnet",
      "name": "VPCPublicSubnetACidrBlock",
      "provider": "provider[\"registry.terraform.io/hashicorp/aws\"]",
      "instances": [
        {
          "schema_version": 1,
          "attributes": {
            "arn": "arn:aws:ec2:us-west-2:512887602942:subnet/subnet-094b2b6477701a83f",
            "assign_ipv6_address_on_creation": false,
            "availability_zone": "us-west-2b",
            "availability_zone_id": "usw2-az1",
            "cidr_block": "10.170.32.128/27",
            "id": "subnet-094b2b6477701a83f",
            "ipv6_cidr_block": "",
            "ipv6_cidr_block_association_id": "",
            "map_public_ip_on_launch": true,
            "outpost_arn": "",
            "owner_id": "512887602942",
            "tags": {
              "Name": "VPCPublicSubnetACidrBlock"
            },
            "timeouts": null,
            "vpc_id": "vpc-02fb62344c3fea476"
          },
          "private": "eyJlMmJmYjczMC1lY2FhLTExZTYtOGY4OC0zNDM2M2JjN2M0YzAiOnsiY3JlYXRlIjo2MDAwMDAwMDAwMDAsImRlbGV0ZSI6MTIwMDAwMDAwMDAwMH0sInNjaGVtYV92ZXJzaW9uIjoiMSJ9",
          "dependencies": [
            "aws_vpc.VPC_Test"
          ]
        }
      ]
    },
    {
      "mode": "managed",
      "type": "aws_subnet",
      "name": "VPCPublicSubnetBCidrBlock",
      "provider": "provider[\"registry.terraform.io/hashicorp/aws\"]",
      "instances": [
        {
          "schema_version": 1,
          "attributes": {
            "arn": "arn:aws:ec2:us-west-2:512887602942:subnet/subnet-03c16a6d3b7f9db62",
            "assign_ipv6_address_on_creation": false,
            "availability_zone": "us-west-2a",
            "availability_zone_id": "usw2-az2",
            "cidr_block": "10.170.32.160/27",
            "id": "subnet-03c16a6d3b7f9db62",
            "ipv6_cidr_block": "",
            "ipv6_cidr_block_association_id": "",
            "map_public_ip_on_launch": true,
            "outpost_arn": "",
            "owner_id": "512887602942",
            "tags": {
              "Name": "VPCPublicSubnetBCidrBlock"
            },
            "timeouts": null,
            "vpc_id": "vpc-02fb62344c3fea476"
          },
          "private": "eyJlMmJmYjczMC1lY2FhLTExZTYtOGY4OC0zNDM2M2JjN2M0YzAiOnsiY3JlYXRlIjo2MDAwMDAwMDAwMDAsImRlbGV0ZSI6MTIwMDAwMDAwMDAwMH0sInNjaGVtYV92ZXJzaW9uIjoiMSJ9",
          "dependencies": [
            "aws_vpc.VPC_Test"
          ]
        }
      ]
    },
    {
      "mode": "managed",
      "type": "aws_vpc",
      "name": "VPC_Test",
      "provider": "provider[\"registry.terraform.io/hashicorp/aws\"]",
      "instances": [
        {
          "schema_version": 1,
          "attributes": {
            "arn": "arn:aws:ec2:us-west-2:512887602942:vpc/vpc-02fb62344c3fea476",
            "assign_generated_ipv6_cidr_block": false,
            "cidr_block": "10.170.32.0/24",
            "default_network_acl_id": "acl-0d19a5f3c4ab06940",
            "default_route_table_id": "rtb-08ce934a6c249dada",
            "default_security_group_id": "sg-0e62cae94abae0a42",
            "dhcp_options_id": "dopt-5299012a",
            "enable_classiclink": false,
            "enable_classiclink_dns_support": false,
            "enable_dns_hostnames": true,
            "enable_dns_support": true,
            "id": "vpc-02fb62344c3fea476",
            "instance_tenancy": "default",
            "ipv6_association_id": "",
            "ipv6_cidr_block": "",
            "main_route_table_id": "rtb-08ce934a6c249dada",
            "owner_id": "512887602942",
            "tags": {
              "Name": "VPC_Test"
            }
          },
          "private": "eyJzY2hlbWFfdmVyc2lvbiI6IjEifQ=="
        }
      ]
    }
  ]
}
