{
  "version": 4,
  "terraform_version": "0.13.5",
  "serial": 27,
  "lineage": "a1ad764b-5ee7-5506-f622-121ebe30dff2",
  "outputs": {},
  "resources": [
    {
      "mode": "managed",
      "type": "aws_internet_gateway",
      "name": "Internet_Gateway_Public_Subnet",
      "provider": "provider[\"registry.terraform.io/hashicorp/aws\"]",
      "instances": [
        {
          "schema_version": 0,
          "attributes": {
            "arn": "arn:aws:ec2:us-west-2:512887602942:internet-gateway/igw-04c6a9cbb392829d3",
            "id": "igw-04c6a9cbb392829d3",
            "owner_id": "512887602942",
            "tags": {
              "Name": "Internet_Gateway_Public_Subnet"
            },
            "vpc_id": "vpc-02fb62344c3fea476"
          }
        }
      ]
    },
    {
      "mode": "managed",
      "type": "aws_subnet",
      "name": "VPCPublicSubnetACidrBlock",
      "provider": "provider[\"registry.terraform.io/hashicorp/aws\"]",
      "instances": [
        {
          "schema_version": 1,
          "attributes": {
            "arn": "arn:aws:ec2:us-west-2:512887602942:subnet/subnet-094b2b6477701a83f",
            "assign_ipv6_address_on_creation": false,
            "availability_zone": "us-west-2b",
            "availability_zone_id": "usw2-az1",
            "cidr_block": "10.170.32.128/27",
            "id": "subnet-094b2b6477701a83f",
            "ipv6_cidr_block": "",
            "ipv6_cidr_block_association_id": "",
            "map_public_ip_on_launch": true,
            "outpost_arn": "",
            "owner_id": "512887602942",
            "tags": {
              "Name": "VPCPublicSubnetACidrBlock"
            },
            "timeouts": null,
            "vpc_id": "vpc-02fb62344c3fea476"
          }
        }
      ]
    },
    {
      "mode": "managed",
      "type": "aws_vpc",
      "name": "VPC_Test",
      "provider": "provider[\"registry.terraform.io/hashicorp/aws\"]",
      "instances": [
        {
          "schema_version": 1,
          "attributes": {
            "arn": "arn:aws:ec2:us-west-2:512887602942:vpc/vpc-02fb62344c3fea476",
            "assign_generated_ipv6_cidr_block": false,
            "cidr_block": "10.170.32.0/24",
            "default_network_acl_id": "acl-0d19a5f3c4ab06940",
            "default_route_table_id": "rtb-08ce934a6c249dada",
            "default_security_group_id": "sg-0e62cae94abae0a42",
            "dhcp_options_id": "dopt-5299012a",
            "enable_classiclink": false,
            "enable_classiclink_dns_support": false,
            "enable_dns_hostnames": true,
            "enable_dns_support": true,
            "id": "vpc-02fb62344c3fea476",
            "instance_tenancy": "default",
            "ipv6_association_id": "",
            "ipv6_cidr_block": "",
            "main_route_table_id": "rtb-08ce934a6c249dada",
            "owner_id": "512887602942",
            "tags": {
              "Name": "VPC_Test"
            }
          },
          "private": "eyJzY2hlbWFfdmVyc2lvbiI6IjEifQ=="
        }
      ]
    }
  ]
}
